
Microsoft Visual Studio Solution File, Format Version 12.00
# Visual Studio Version 16
VisualStudioVersion = 16.0.29920.165
MinimumVisualStudioVersion = 10.0.40219.1
Project("{8BC9CEB8-8B4A-11D0-8D11-00A0C91BC942}") = "leetcode_no989_数组形式的整数加法_w1", "leetcode_no989_数组形式的整数加法_w1.vcxproj", "{B1B95AAC-72CC-4DCE-B8F8-4C7CA1DEC1B4}"
EndProject
Global
	GlobalSection(SolutionConfigurationPlatforms) = preSolution
		Debug|x64 = Debug|x64
		Debug|x86 = Debug|x86
		Release|x64 = Release|x64
		Release|x86 = Release|x86
	EndGlobalSection
	GlobalSection(ProjectConfigurationPlatforms) = postSolution
		{B1B95AAC-72CC-4DCE-B8F8-4C7CA1DEC1B4}.Debug|x64.ActiveCfg = Debug|x64
		{B1B95AAC-72CC-4DCE-B8F8-4C7CA1DEC1B4}.Debug|x64.Build.0 = Debug|x64
		{B1B95AAC-72CC-4DCE-B8F8-4C7CA1DEC1B4}.Debug|x86.ActiveCfg = Debug|Win32
		{B1B95AAC-72CC-4DCE-B8F8-4C7CA1DEC1B4}.Debug|x86.Build.0 = Debug|Win32
		{B1B95AAC-72CC-4DCE-B8F8-4C7CA1DEC1B4}.Release|x64.ActiveCfg = Release|x64
		{B1B95AAC-72CC-4DCE-B8F8-4C7CA1DEC1B4}.Release|x64.Build.0 = Release|x64
		{B1B95AAC-72CC-4DCE-B8F8-4C7CA1DEC1B4}.Release|x86.ActiveCfg = Release|Win32
		{B1B95AAC-72CC-4DCE-B8F8-4C7CA1DEC1B4}.Release|x86.Build.0 = Release|Win32
	EndGlobalSection
	GlobalSection(SolutionProperties) = preSolution
		HideSolutionNode = FALSE
	EndGlobalSection
	GlobalSection(ExtensibilityGlobals) = postSolution
		SolutionGuid = {A6E11F5C-51D9-4FF4-B904-D17B2E8FB030}
	EndGlobalSection
EndGlobal
